{
    "_meta": {
        "hash": {
            "sha256": "f5b5ee6086d34b29ef0282b865280d26a1d54a4e1c2d5ce99c7933d2cc234d25"
        },
        "pipfile-spec": 6,
        "requires": {
            "python_version": "3.11"
        },
        "sources": [
            {
                "name": "pypi",
                "url": "https://pypi.org/simple",
                "verify_ssl": true
            }
        ]
    },
    "default": {
        "amqp": {
            "hashes": [
                "sha256:827cb12fb0baa892aad844fd95258143bce4027fdac4fccddbc43330fd281637",
                "sha256:a1ecff425ad063ad42a486c902807d1482311481c8ad95a72694b2975e75f7fd"
            ],
            "markers": "python_version >= '3.6'",
            "version": "==5.2.0"
        },
        "asgiref": {
            "hashes": [
                "sha256:3e1e3ecc849832fe52ccf2cb6686b7a55f82bb1d6aee72a58826471390335e47",
                "sha256:c343bd80a0bec947a9860adb4c432ffa7db769836c64238fc34bdc3fec84d590"
            ],
            "markers": "python_version >= '3.8'",
            "version": "==3.8.1"
        },
        "billiard": {
            "hashes": [
                "sha256:07aa978b308f334ff8282bd4a746e681b3513db5c9a514cbdd810cbbdc19714d",
                "sha256:9a3c3184cb275aa17a732f93f65b20c525d3d9f253722d26a82194803ade5a2c"
            ],
            "markers": "python_version >= '3.7'",
            "version": "==4.2.0"
        },
        "celery": {
            "hashes": [
                "sha256:27f8f3f3b58de6e0ab4f174791383bbd7445aff0471a43e99cfd77727940753f",
                "sha256:f84d1c21a1520c116c2b7d26593926581191435a03aa74b77c941b93ca1c6210"
            ],
            "index": "pypi",
            "markers": "python_version >= '3.8'",
            "version": "==5.3.1"
        },
        "click": {
            "hashes": [
                "sha256:ae74fb96c20a0277a1d615f1e4d73c8414f5a98db8b799a7931d1582f3390c28",
                "sha256:ca9853ad459e787e2192211578cc907e7594e294c7ccc834310722b41b9ca6de"
            ],
            "markers": "python_version >= '3.7'",
            "version": "==8.1.7"
        },
        "click-didyoumean": {
            "hashes": [
                "sha256:4f82fdff0dbe64ef8ab2279bd6aa3f6a99c3b28c05aa09cbfc07c9d7fbb5a463",
                "sha256:5c4bb6007cfea5f2fd6583a2fb6701a22a41eb98957e63d0fac41c10e7c3117c"
            ],
            "markers": "python_full_version >= '3.6.2'",
            "version": "==0.3.1"
        },
        "click-plugins": {
            "hashes": [
                "sha256:46ab999744a9d831159c3411bb0c79346d94a444df9a3a3742e9ed63645f264b",
                "sha256:5d262006d3222f5057fd81e1623d4443e41dcda5dc815c06b442aa3c02889fc8"
            ],
            "version": "==1.1.1"
        },
        "click-repl": {
            "hashes": [
                "sha256:17849c23dba3d667247dc4defe1757fff98694e90fe37474f3feebb69ced26a9",
                "sha256:fb7e06deb8da8de86180a33a9da97ac316751c094c6899382da7feeeeb51b812"
            ],
            "markers": "python_version >= '3.6'",
            "version": "==0.3.0"
        },
        "cron-descriptor": {
            "hashes": [
                "sha256:736b3ae9d1a99bc3dbfc5b55b5e6e7c12031e7ba5de716625772f8b02dcd6013",
                "sha256:f51ce4ffc1d1f2816939add8524f206c376a42c87a5fca3091ce26725b3b1bca"
            ],
            "version": "==1.4.5"
        },
        "django": {
            "hashes": [
                "sha256:45a747e1c5b3d6df1b141b1481e193b033fd1fdbda3ff52677dc81afdaacbaed",
                "sha256:f7c7852a5ac5a3da5a8d5b35cc6168f31b605971441798dac845f17ca8028039"
            ],
            "index": "pypi",
            "markers": "python_version >= '3.8'",
            "version": "==4.2.3"
        },
        "django-celery-beat": {
            "hashes": [
                "sha256:ae460faa5ea142fba0875409095d22f6bd7bcc7377889b85e8cab5c0dfb781fe",
                "sha256:cd0a47f5958402f51ac0c715bc942ae33d7b50b4e48cba91bc3f2712be505df1"
            ],
            "index": "pypi",
            "version": "==2.5.0"
        },
        "django-cors-headers": {
            "hashes": [
                "sha256:9ada212b0e2efd4a5e339360ffc869cb21ac5605e810afe69f7308e577ea5bde",
                "sha256:f9749c6410fe738278bc2b6ef17f05195bc7b251693c035752d8257026af024f"
            ],
            "index": "pypi",
            "markers": "python_version >= '3.8'",
            "version": "==4.2.0"
        },
        "django-filter": {
            "hashes": [
                "sha256:2fe15f78108475eda525692813205fa6f9e8c1caf1ae65daa5862d403c6dbf00",
                "sha256:d12d8e0fc6d3eb26641e553e5d53b191eb8cec611427d4bdce0becb1f7c172b5"
            ],
            "index": "pypi",
            "markers": "python_version >= '3.7'",
            "version": "==23.2"
        },
        "django-timezone-field": {
            "hashes": [
                "sha256:3232e7ecde66ba4464abb6f9e6b8cc739b914efb9b29dc2cf2eee451f7cc2acb",
                "sha256:aa6f4965838484317b7f08d22c0d91a53d64e7bbbd34264468ae83d4023898a7"
            ],
            "markers": "python_version >= '3.8' and python_version < '4.0'",
            "version": "==7.0"
        },
        "djangorestframework": {
            "hashes": [
                "sha256:579a333e6256b09489cbe0a067e66abe55c6595d8926be6b99423786334350c8",
                "sha256:eb63f58c9f218e1a7d064d17a70751f528ed4e1d35547fdade9aaf4cd103fd08"
            ],
            "index": "pypi",
            "markers": "python_version >= '3.6'",
            "version": "==3.14.0"
        },
        "gunicorn": {
            "hashes": [
                "sha256:9dcc4547dbb1cb284accfb15ab5667a0e5d1881cc443e0677b4882a4067a807e",
                "sha256:e0a968b5ba15f8a328fdfd7ab1fcb5af4470c28aaf7e55df02a99bc13138e6e8"
            ],
            "index": "pypi",
            "markers": "python_version >= '3.5'",
            "version": "==20.1.0"
        },
        "hiredis": {
            "hashes": [
                "sha256:00018f22f38530768b73ea86c11f47e8d4df65facd4e562bd78773bd1baef35e",
                "sha256:034925b5fb514f7b11aac38cd55b3fd7e9d3af23bd6497f3f20aa5b8ba58e232",
                "sha256:038756db735e417ab36ee6fd7725ce412385ed2bd0767e8179a4755ea11b804f",
                "sha256:04ccae6dcd9647eae6025425ab64edb4d79fde8b9e6e115ebfabc6830170e3b2",
                "sha256:0aacc0a78e1d94d843a6d191f224a35893e6bdfeb77a4a89264155015c65f126",
                "sha256:0bb6f9fd92f147ba11d338ef5c68af4fd2908739c09e51f186e1d90958c68cc1",
                "sha256:0dcfa684966f25b335072115de2f920228a3c2caf79d4bfa2b30f6e4f674a948",
                "sha256:100431e04d25a522ef2c3b94f294c4219c4de3bfc7d557b6253296145a144c11",
                "sha256:120f2dda469b28d12ccff7c2230225162e174657b49cf4cd119db525414ae281",
                "sha256:122171ff47d96ed8dd4bba6c0e41d8afaba3e8194949f7720431a62aa29d8895",
                "sha256:13c275b483a052dd645eb2cb60d6380f1f5215e4c22d6207e17b86be6dd87ffa",
                "sha256:13c345e7278c210317e77e1934b27b61394fee0dec2e8bd47e71570900f75823",
                "sha256:1f669212c390eebfbe03c4e20181f5970b82c5d0a0ad1df1785f7ffbe7d61150",
                "sha256:1fb8de899f0145d6c4d5d4bd0ee88a78eb980a7ffabd51e9889251b8f58f1785",
                "sha256:204b79b30a0e6be0dc2301a4d385bb61472809f09c49f400497f1cdd5a165c66",
                "sha256:22c17c96143c2a62dfd61b13803bc5de2ac526b8768d2141c018b965d0333b66",
                "sha256:23142a8af92a13fc1e3f2ca1d940df3dcf2af1d176be41fe8d89e30a837a0b60",
                "sha256:3d22c53f0ec5c18ecb3d92aa9420563b1c5d657d53f01356114978107b00b860",
                "sha256:3dc8043959b50141df58ab4f398e8ae84c6f9e673a2c9407be65fc789138f4a6",
                "sha256:3ea635101b739c12effd189cc19b2671c268abb03013fd1f6321ca29df3ca625",
                "sha256:41afc0d3c18b59eb50970479a9c0e5544fb4b95e3a79cf2fbaece6ddefb926fe",
                "sha256:4664dedcd5933364756d7251a7ea86d60246ccf73a2e00912872dacbfcef8978",
                "sha256:466f836dbcf86de3f9692097a7a01533dc9926986022c6617dc364a402b265c5",
                "sha256:467d28112c7faa29b7db743f40803d927c8591e9da02b6ce3d5fadc170a542a2",
                "sha256:47de0bbccf4c8a9f99d82d225f7672b9dd690d8fd872007b933ef51a302c9fa6",
                "sha256:484025d2eb8f6348f7876fc5a2ee742f568915039fcb31b478fd5c242bb0fe3a",
                "sha256:48727d7d405d03977d01885f317328dc21d639096308de126c2c4e9950cbd3c9",
                "sha256:4b182791c41c5eb1d9ed736f0ff81694b06937ca14b0d4dadde5dadba7ff6dae",
                "sha256:4c6efcbb5687cf8d2aedcc2c3ed4ac6feae90b8547427d417111194873b66b06",
                "sha256:4ea3a86405baa8eb0d3639ced6926ad03e07113de54cb00fd7510cb0db76a89d",
                "sha256:50a196af0ce657fcde9bf8a0bbe1032e22c64d8fcec2bc926a35e7ff68b3a166",
                "sha256:50da7a9edf371441dfcc56288d790985ee9840d982750580710a9789b8f4a290",
                "sha256:51b99cfac514173d7b8abdfe10338193e8a0eccdfe1870b646009d2fb7cbe4b5",
                "sha256:54a6dd7b478e6eb01ce15b3bb5bf771e108c6c148315bf194eb2ab776a3cac4d",
                "sha256:562eaf820de045eb487afaa37e6293fe7eceb5b25e158b5a1974b7e40bf04543",
                "sha256:5a8dffb5f5b3415a4669d25de48b617fd9d44b0bccfc4c2ab24b06406ecc9ecb",
                "sha256:5b5cff42a522a0d81c2ae7eae5e56d0ee7365e0c4ad50c4de467d8957aff4414",
                "sha256:63482db3fadebadc1d01ad33afa6045ebe2ea528eb77ccaabd33ee7d9c2bad48",
                "sha256:6ca41fa40fa019cde42c21add74aadd775e71458051a15a352eabeb12eb4d084",
                "sha256:6eecb343c70629f5af55a8b3e53264e44fa04e155ef7989de13668a0cb102a90",
                "sha256:719c32147ba29528cb451f037bf837dcdda4ff3ddb6cdb12c4216b0973174718",
                "sha256:77c8006c12154c37691b24ff293c077300c22944018c3ff70094a33e10c1d795",
                "sha256:793c80a3d6b0b0e8196a2d5de37a08330125668c8012922685e17aa9108c33ac",
                "sha256:7d99b91e42217d7b4b63354b15b41ce960e27d216783e04c4a350224d55842a4",
                "sha256:82f794d564f4bc76b80c50b03267fe5d6589e93f08e66b7a2f674faa2fa76ebc",
                "sha256:83a29cc7b21b746cb6a480189e49f49b2072812c445e66a9e38d2004d496b81c",
                "sha256:869f6d5537d243080f44253491bb30aa1ec3c21754003b3bddeadedeb65842b0",
                "sha256:8854969e7480e8d61ed7549eb232d95082a743e94138d98d7222ba4e9f7ecacd",
                "sha256:898636a06d9bf575d2c594129085ad6b713414038276a4bfc5db7646b8a5be78",
                "sha256:8e0bb6102ebe2efecf8a3292c6660a0e6fac98176af6de67f020bea1c2343717",
                "sha256:8fed69bbaa307040c62195a269f82fc3edf46b510a17abb6b30a15d7dab548df",
                "sha256:9862db92ef67a8a02e0d5370f07d380e14577ecb281b79720e0d7a89aedb9ee5",
                "sha256:98a152052b8878e5e43a2e3a14075218adafc759547c98668a21e9485882696c",
                "sha256:99516d99316062824a24d145d694f5b0d030c80da693ea6f8c4ecf71a251d8bb",
                "sha256:9b285ef6bf1581310b0d5e8f6ce64f790a1c40e89c660e1320b35f7515433672",
                "sha256:a131377493a59fb0f5eaeb2afd49c6540cafcfba5b0b3752bed707be9e7c4eaf",
                "sha256:a1c81c89ed765198da27412aa21478f30d54ef69bf5e4480089d9c3f77b8f882",
                "sha256:a2537b2cd98192323fce4244c8edbf11f3cac548a9d633dbbb12b48702f379f4",
                "sha256:a41be8af1fd78ca97bc948d789a09b730d1e7587d07ca53af05758f31f4b985d",
                "sha256:a631e2990b8be23178f655cae8ac6c7422af478c420dd54e25f2e26c29e766f1",
                "sha256:a6a49ef161739f8018c69b371528bdb47d7342edfdee9ddc75a4d8caddf45a6e",
                "sha256:ac6d929cb33dd12ad3424b75725975f0a54b5b12dbff95f2a2d660c510aa106d",
                "sha256:b23291951959141173eec10f8573538e9349fa27f47a0c34323d1970bf891ee5",
                "sha256:ba9fc605ac558f0de67463fb588722878641e6fa1dabcda979e8e69ff581d0bd",
                "sha256:bdc144d56333c52c853c31b4e2e52cfbdb22d3da4374c00f5f3d67c42158970f",
                "sha256:c073848d2b1d5561f3903879ccf4e1a70c9b1e7566c7bdcc98d082fa3e7f0a1d",
                "sha256:c1018cc7f12824506f165027eabb302735b49e63af73eb4d5450c66c88f47026",
                "sha256:c3ece960008dab66c6b8bb3a1350764677ee7c74ccd6270aaf1b1caf9ccebb46",
                "sha256:c3fdad75e7837a475900a1d3a5cc09aa024293c3b0605155da2d42f41bc0e482",
                "sha256:c8a1df39d74ec507d79c7a82c8063eee60bf80537cdeee652f576059b9cdd15c",
                "sha256:c8a91e9520fbc65a799943e5c970ffbcd67905744d8becf2e75f9f0a5e8414f0",
                "sha256:d10fcd9e0eeab835f492832b2a6edb5940e2f1230155f33006a8dfd3bd2c94e4",
                "sha256:d435ae89073d7cd51e6b6bf78369c412216261c9c01662e7008ff00978153729",
                "sha256:d7a4c1791d7aa7e192f60fe028ae409f18ccdd540f8b1e6aeb0df7816c77e4a4",
                "sha256:dc384874a719c767b50a30750f937af18842ee5e288afba95a5a3ed703b1515a",
                "sha256:df274e3abb4df40f4c7274dd3e587dfbb25691826c948bc98d5fead019dfb001",
                "sha256:e069967cbd5e1900aafc4b5943888f6d34937fc59bf8918a1a546cb729b4b1e4",
                "sha256:e194a0d5df9456995d8f510eab9f529213e7326af6b94770abf8f8b7952ddcaa",
                "sha256:e1a9c14ae9573d172dc050a6f63a644457df5d01ec4d35a6a0f097f812930f83",
                "sha256:e241fab6332e8fb5f14af00a4a9c6aefa22f19a336c069b7ddbf28ef8341e8d6",
                "sha256:e421ac9e4b5efc11705a0d5149e641d4defdc07077f748667f359e60dc904420",
                "sha256:e43679eca508ba8240d016d8cca9d27342d70184773c15bea78a23c87a1922f1",
                "sha256:e584fe5f4e6681d8762982be055f1534e0170f6308a7a90f58d737bab12ff6a8",
                "sha256:f114a6c86edbf17554672b050cce72abf489fe58d583c7921904d5f1c9691605",
                "sha256:f2f312eef8aafc2255e3585dcf94d5da116c43ef837db91db9ecdc1bc930072d",
                "sha256:f359175197fd833c8dd7a8c288f1516be45415bb5c939862ab60c2918e1e1943",
                "sha256:f75999ae00a920f7dce6ecae76fa5e8674a3110e5a75f12c7a2c75ae1af53396",
                "sha256:f91456507427ba36fd81b2ca11053a8e112c775325acc74e993201ea912d63e9",
                "sha256:fa1fcad89d8a41d8dc10b1e54951ec1e161deabd84ed5a2c95c3c7213bdb3514",
                "sha256:fa86bf9a0ed339ec9e8a9a9d0ae4dccd8671625c83f9f9f2640729b15e07fbfd",
                "sha256:fcdb552ffd97151dab8e7bc3ab556dfa1512556b48a367db94b5c20253a35ee1",
                "sha256:fcecbd39bd42cef905c0b51c9689c39d0cc8b88b1671e7f40d4fb213423aef3a",
                "sha256:fe91d62b0594db5ea7d23fc2192182b1a7b6973f628a9b8b2e0a42a2be721ac6",
                "sha256:fed8581ae26345dea1f1e0d1a96e05041a727a45e7d8d459164583e23c6ac441"
            ],
            "version": "==3.0.0"
        },
        "kombu": {
            "hashes": [
                "sha256:ad200a8dbdaaa2bbc5f26d2ee7d707d9a1fded353a0f4bd751ce8c7d9f449c60",
                "sha256:c8dd99820467610b4febbc7a9e8a0d3d7da2d35116b67184418b51cc520ea6b6"
            ],
            "markers": "python_version >= '3.8'",
            "version": "==5.4.0"
        },
        "prompt-toolkit": {
            "hashes": [
                "sha256:0d7bfa67001d5e39d02c224b663abc33687405033a8c422d0d675a5a13361d10",
                "sha256:1e1b29cb58080b1e69f207c893a1a7bf16d127a5c30c9d17a25a5d77792e5360"
            ],
            "markers": "python_full_version >= '3.7.0'",
            "version": "==3.0.47"
        },
        "psycopg": {
            "extras": [
                "binary"
            ],
            "hashes": [
                "sha256:ab400f207a8c120bafdd8077916d8f6c0106e809401378708485b016508c30c9",
                "sha256:fbbac339274d8733ee70ba9822297af3e8871790a26e967b5ea53e30a4b74dcc"
            ],
            "markers": "python_version >= '3.7'",
            "version": "==3.1.9"
        },
        "psycopg-binary": {
            "hashes": [
                "sha256:03b08545ce1c627f4d5e6384eda2946660c4ba6ceb0a09ae47de07419f725669",
                "sha256:055537a9c20efe9bf17cb72bd879602eda71de6f737ebafa1953e017c6a37fbe",
                "sha256:058ab0d79be0b229338f0e61fec6f475077518cba63c22c593645a69f01c3e23",
                "sha256:07414daa86662f7657e9fabe49af85a32a975e92e6568337887d9c9ffedc224f",
                "sha256:09167f106e7685591b4cdf58eff0191fb7435d586f384133a0dd30df646cf409",
                "sha256:17c5d4936c746f5125c6ef9eb43655e27d4d0c9ffe34c3073878b43c3192511d",
                "sha256:1e31bac3d2d41e6446b20b591f638943328c958f4d1ce13d6f1c5db97c3a8dee",
                "sha256:2340ca2531f69e5ebd9d18987362ba57ed6ab6a271511d8026814a46a2a87b59",
                "sha256:25e3ce947aaaa1bd9f1920fca76d7281660646304f9ea5bc036b201dd8790655",
                "sha256:284038cbe3f5a0f3de417af9b5eaa2a9524a3a06211523cf245111c71b566506",
                "sha256:2f94a7985135e084e122b143956c6f589d17aef743ecd0a434a3d3a222631d5a",
                "sha256:3836bdaf030a5648bd5f5b452e4b068b265e28f9199060c5b70dbf4a218cde6e",
                "sha256:3a82e77400d1ef6c5bbcf3e600e8bdfacf1a554512f96c090c43ceca3d1ce3b6",
                "sha256:3b62545cc64dd69ea0ae5ffe18d7c97e03660ab8244aa8c5172668a21c41daa0",
                "sha256:3b816ce0e27a2a8786d34b61d3e36e01029245025879d64b88554326b794a4f0",
                "sha256:3bb86d58b90faefdc0bbedf08fdea4cc2afcb1cfa4340f027d458bfd01d8b812",
                "sha256:3d91ee0d33ac7b42d0488a9be2516efa2ec00901b81d69566ff34a7a94b66c0b",
                "sha256:4213953da44324850c8f789301cf665f46fb94301ba403301e7af58546c3a428",
                "sha256:4c1def6c2d28e257325b3b208cf1966343b498282a0f4d390fda7b7e0577da64",
                "sha256:53afb0cc2ebe74651f339e22d05ec082a0f44939715d9138d357852f074fcf55",
                "sha256:5833bda4c14f24c6a8ac08d3c5712acaa4f35aab31f9ccd2265e9e9a7d0151c8",
                "sha256:5b164355d023a91b23dcc4bb3112bc7d6e9b9c938fb5abcb6e54457d2da1f317",
                "sha256:5cdc13c8ec1437240801e43d07e27ff6479ac9dd8583ecf647345bfd2e8390e4",
                "sha256:63e8d1dbe253657c70dbfa9c59423f4654d82698fc5ed6868b8dc0765abe20b6",
                "sha256:6c696dc84f9ff155761df15779181d8e4af7746b98908e130add8259912e4bb7",
                "sha256:7b36fe4314a784fbe45c9fd71c902b9bf57341aff9b97c0cbd22f8409a271e2f",
                "sha256:81e34d6df54329424944d5ca91b1cc77df6b8a9130cb5480680d56f53d4e485c",
                "sha256:82704a899d57c29beba5399d41eab5ef5c238b810d7e25e2d1916d2b34c4b1a3",
                "sha256:87e0c97733b11eeca3d24e56df70f3f9d792b2abd46f48be2fb2348ffc3e7e39",
                "sha256:90787ac05b932c0fc678cbf470ccea9c385b8077583f0490136b4569ed3fb652",
                "sha256:96725d9691a84a21eb3e81c884a2e043054e33e176801a57a05e9ac38d142c6e",
                "sha256:98d9d156b9ada08c271a79662fc5fcc1731b4d7c1f651ef5843d818d35f15ba0",
                "sha256:9c114f678e8f4a96530fa79cfd84f65f26358ecfc6cca70cfa2d5e3ae5ef217a",
                "sha256:9c75be2a9b986139e3ff6bc0a2852081ac00811040f9b82d3aa539821311122e",
                "sha256:a207d5a7f4212443b7452851c9ccd88df9c6d4d58fa2cea2ead4dd9cb328e578",
                "sha256:a274c63c8fb9d419509bed2ef72befc1fd04243972e17e7f5afc5725cb13a560",
                "sha256:a8aaa47c1791fc05c0229ec1003dd49e13238fba9434e1fc3b879632f749c3c4",
                "sha256:b1a321ef3579a8de0545ade6ff1edfde0c88b8847d58c5615c03751c76054796",
                "sha256:b246fed629482b06f938b23e9281c4af592329daa3ec2cd4a6841ccbfdeb4d68",
                "sha256:c0b8d6bbeff1dba760a208d8bc205a05b745e6cee02b839f969f72cf56a8b80d",
                "sha256:c3a13aa022853891cadbc7256a9804e5989def760115c82334bddf0d19783b0b",
                "sha256:c7d990f14a37345ca05a5192cd5ac938c9cbedca9c929872af6ae311158feb0e",
                "sha256:ce8f4dea5934aa6c4933e559c74bef4beb3413f51fbcf17f306ce890216ac33a",
                "sha256:d2cea4bb0b19245c83486868d7c66f73238c4caa266b5b3c3d664d10dab2ab56",
                "sha256:dade344aa90bb0b57d1cfc13304ed83ab9a36614b8ddd671381b2de72fe1483d",
                "sha256:db866cc557d9761036771d666d17fa4176c537af7e6098f42a6bf8f64217935f",
                "sha256:dfe5c5c31f59ccb1d1f473466baa93d800138186286e80e251f930e49c80d208",
                "sha256:e0ca74fd85718723bb9f08e0c6898e901a0c365aef20b3c3a4ef8709125d6210",
                "sha256:e2f463079d99568a343ed0b766150b30627e9ed41de99fd82e945e7e2bec764a",
                "sha256:eab449e39db1c429cac79b7aa27e6827aad4995f32137e922db7254f43fed7b5",
                "sha256:f2cbdef6568da21c39dfd45c2074e85eabbd00e1b721832ba94980f01f582dd4",
                "sha256:f41a9e0de4db194c053bcc7c00c35422a4d19d92a8187e8065b1c560626efe35",
                "sha256:f4da4ca9b2365fc1d3fc741c3bbd3efccd892ce813444b884c8911a1acf1c932",
                "sha256:f5e36504373e5bcdc954b1da1c6fe66379007fe1e329790e8fb72b879a01e097"
            ],
            "version": "==3.1.9"
        },
        "python-crontab": {
            "hashes": [
                "sha256:40067d1dd39ade3460b2ad8557c7651514cd3851deffff61c5c60e1227c5c36b",
                "sha256:82cb9b6a312d41ff66fd3caf3eed7115c28c195bfb50711bc2b4b9592feb9fe5"
            ],
            "version": "==3.2.0"
        },
        "python-dateutil": {
            "hashes": [
                "sha256:37dd54208da7e1cd875388217d5e00ebd4179249f90fb72437e91a35459a0ad3",
                "sha256:a8b2bc7bffae282281c8140a97d3aa9c14da0b136dfe83f850eea9a5f7470427"
            ],
            "markers": "python_version >= '2.7' and python_version not in '3.0, 3.1, 3.2, 3.3'",
            "version": "==2.9.0.post0"
        },
        "pytz": {
            "hashes": [
                "sha256:2a29735ea9c18baf14b448846bde5a48030ed267578472d8955cd0e7443a9812",
                "sha256:328171f4e3623139da4983451950b28e95ac706e13f3f2630a879749e7a8b319"
            ],
            "version": "==2024.1"
        },
        "redis": {
            "extras": [
                "hiredis"
            ],
            "hashes": [
                "sha256:585dc516b9eb042a619ef0a39c3d7d55fe81bdb4df09a52c9cdde0d07bf1aa7d",
                "sha256:e2b03db868160ee4591de3cb90d40ebb50a90dd302138775937f6a42b7ed183c"
            ],
            "markers": "python_version >= '3.7'",
            "version": "==4.6.0"
        },
        "setuptools": {
            "hashes": [
                "sha256:b208925fcb9f7af924ed2dc04708ea89791e24bde0d3020b27df0e116088b34e",
                "sha256:d59a3e788ab7e012ab2c4baed1b376da6366883ee20d7a5fc426816e3d7b1193"
            ],
            "markers": "python_version >= '3.8'",
            "version": "==73.0.1"
        },
        "six": {
            "hashes": [
                "sha256:1e61c37477a1626458e36f7b1d82aa5c9b094fa4802892072e49de9c60c4c926",
                "sha256:8abb2f1d86890a2dfb989f9a77cfcfd3e47c2a354b01111771326f8aa26e0254"
            ],
            "markers": "python_version >= '2.7' and python_version not in '3.0, 3.1, 3.2, 3.3'",
            "version": "==1.16.0"
        },
        "sqlparse": {
            "hashes": [
                "sha256:773dcbf9a5ab44a090f3441e2180efe2560220203dc2f8c0b0fa141e18b505e4",
                "sha256:bb6b4df465655ef332548e24f08e205afc81b9ab86cb1c45657a7ff173a3a00e"
            ],
            "markers": "python_version >= '3.8'",
            "version": "==0.5.1"
        },
        "supervisor": {
            "hashes": [
                "sha256:2ecaede32fc25af814696374b79e42644ecaba5c09494c51016ffda9602d0f08",
                "sha256:34761bae1a23c58192281a5115fb07fbf22c9b0133c08166beffc70fed3ebc12"
            ],
            "index": "pypi",
            "version": "==4.2.5"
        },
        "typing-extensions": {
            "hashes": [
                "sha256:04e5ca0351e0f3f85c6853954072df659d0d13fac324d0072316b67d7794700d",
                "sha256:1a7ead55c7e559dd4dee8856e3a88b41225abfe1ce8df57b7c13915fe121ffb8"
            ],
            "markers": "python_version >= '3.8'",
            "version": "==4.12.2"
        },
        "tzdata": {
            "hashes": [
                "sha256:2674120f8d891909751c38abcdfd386ac0a5a1127954fbc332af6b5ceae07efd",
                "sha256:9068bc196136463f5245e51efda838afa15aaeca9903f49050dfa2679db4d252"
            ],
            "markers": "python_version >= '2'",
            "version": "==2024.1"
        },
        "vine": {
            "hashes": [
                "sha256:40fdf3c48b2cfe1c38a49e9ae2da6fda88e4794c810050a728bd7413811fb1dc",
                "sha256:8b62e981d35c41049211cf62a0a1242d8c1ee9bd15bb196ce38aefd6799e61e0"
            ],
            "markers": "python_version >= '3.6'",
            "version": "==5.1.0"
        },
        "wcwidth": {
            "hashes": [
                "sha256:3da69048e4540d84af32131829ff948f1e022c1c6bdb8d6102117aac784f6859",
                "sha256:72ea0c06399eb286d978fdedb6923a9eb47e1c486ce63e9b4e64fc18303972b5"
            ],
            "version": "==0.2.13"
        }
    },
    "develop": {}
}
